
Microsoft Visual Studio Solution File, Format Version 12.00
# Visual Studio Version 17
VisualStudioVersion = 17.6.33815.320
MinimumVisualStudioVersion = 10.0.40219.1
Project("{FAE04EC0-301F-11D3-BF4B-00C04F79EFBC}") = "Lolgyakorlas", "Lolgyakorlas\Lolgyakorlas.csproj", "{828ACC1D-AB14-48F5-8E96-CCFEE7C653B9}"
EndProject
Project("{FAE04EC0-301F-11D3-BF4B-00C04F79EFBC}") = "Loltest", "Loltest\Loltest.csproj", "{121BEC60-4E14-4F74-80CC-AF6CE9962745}"
EndProject
Project("{FAE04EC0-301F-11D3-BF4B-00C04F79EFBC}") = "LolWPF", "LolWPF\LolWPF.csproj", "{EA5D6345-54A5-46B9-BDFA-FDF45E341903}"
EndProject
Global
	GlobalSection(SolutionConfigurationPlatforms) = preSolution
		Debug|Any CPU = Debug|Any CPU
		Release|Any CPU = Release|Any CPU
	EndGlobalSection
	GlobalSection(ProjectConfigurationPlatforms) = postSolution
		{828ACC1D-AB14-48F5-8E96-CCFEE7C653B9}.Debug|Any CPU.ActiveCfg = Debug|Any CPU
		{828ACC1D-AB14-48F5-8E96-CCFEE7C653B9}.Debug|Any CPU.Build.0 = Debug|Any CPU
		{828ACC1D-AB14-48F5-8E96-CCFEE7C653B9}.Release|Any CPU.ActiveCfg = Release|Any CPU
		{828ACC1D-AB14-48F5-8E96-CCFEE7C653B9}.Release|Any CPU.Build.0 = Release|Any CPU
		{121BEC60-4E14-4F74-80CC-AF6CE9962745}.Debug|Any CPU.ActiveCfg = Debug|Any CPU
		{121BEC60-4E14-4F74-80CC-AF6CE9962745}.Debug|Any CPU.Build.0 = Debug|Any CPU
		{121BEC60-4E14-4F74-80CC-AF6CE9962745}.Release|Any CPU.ActiveCfg = Release|Any CPU
		{121BEC60-4E14-4F74-80CC-AF6CE9962745}.Release|Any CPU.Build.0 = Release|Any CPU
		{EA5D6345-54A5-46B9-BDFA-FDF45E341903}.Debug|Any CPU.ActiveCfg = Debug|Any CPU
		{EA5D6345-54A5-46B9-BDFA-FDF45E341903}.Debug|Any CPU.Build.0 = Debug|Any CPU
		{EA5D6345-54A5-46B9-BDFA-FDF45E341903}.Release|Any CPU.ActiveCfg = Release|Any CPU
		{EA5D6345-54A5-46B9-BDFA-FDF45E341903}.Release|Any CPU.Build.0 = Release|Any CPU
	EndGlobalSection
	GlobalSection(SolutionProperties) = preSolution
		HideSolutionNode = FALSE
	EndGlobalSection
	GlobalSection(ExtensibilityGlobals) = postSolution
		SolutionGuid = {407A8F53-3C50-452D-BF59-3C1280678BD9}
	EndGlobalSection
EndGlobal
